// !$*UTF8*$!
{
	archiveVersion = 1;
	classes = {
	};
	objectVersion = 56;
	objects = {

/* Begin PBXBuildFile section */
		3C389F7D1E86C76CF371E473 /* Pods_UsersApp.framework in Frameworks */ = {isa = PBXBuildFile; fileRef = BC1F33EAE9AF6FFC998966E2 /* Pods_UsersApp.framework */; };
		9DE7ED042A34EFBA00082670 /* AppDelegate.swift in Sources */ = {isa = PBXBuildFile; fileRef = 9DE7ED032A34EFBA00082670 /* AppDelegate.swift */; };
		9DE7ED062A34EFBA00082670 /* SceneDelegate.swift in Sources */ = {isa = PBXBuildFile; fileRef = 9DE7ED052A34EFBA00082670 /* SceneDelegate.swift */; };
		9DE7ED082A34EFBA00082670 /* UsersTableViewController.swift in Sources */ = {isa = PBXBuildFile; fileRef = 9DE7ED072A34EFBA00082670 /* UsersTableViewController.swift */; };
		9DE7ED0D2A34EFBC00082670 /* Assets.xcassets in Resources */ = {isa = PBXBuildFile; fileRef = 9DE7ED0C2A34EFBC00082670 /* Assets.xcassets */; };
		9DE7ED102A34EFBC00082670 /* LaunchScreen.storyboard in Resources */ = {isa = PBXBuildFile; fileRef = 9DE7ED0E2A34EFBC00082670 /* LaunchScreen.storyboard */; };
		9DE7ED1E2A35080500082670 /* UserModel.swift in Sources */ = {isa = PBXBuildFile; fileRef = 9DE7ED1D2A35080500082670 /* UserModel.swift */; };
		9DE7ED222A35086E00082670 /* NetworkingManager.swift in Sources */ = {isa = PBXBuildFile; fileRef = 9DE7ED212A35086E00082670 /* NetworkingManager.swift */; };
		9DE7ED242A350A2B00082670 /* UserVeiwModel.swift in Sources */ = {isa = PBXBuildFile; fileRef = 9DE7ED232A350A2B00082670 /* UserVeiwModel.swift */; };
		9DE7ED262A3750B200082670 /* GenderModel.swift in Sources */ = {isa = PBXBuildFile; fileRef = 9DE7ED252A3750B200082670 /* GenderModel.swift */; };
		9DE7ED282A375D1B00082670 /* UserUIComposer.swift in Sources */ = {isa = PBXBuildFile; fileRef = 9DE7ED272A375D1B00082670 /* UserUIComposer.swift */; };
		9DE7ED2C2A37651D00082670 /* UserTableViewCell.swift in Sources */ = {isa = PBXBuildFile; fileRef = 9DE7ED2A2A37651D00082670 /* UserTableViewCell.swift */; };
		9DE7ED2D2A37651D00082670 /* UserTableViewCell.xib in Resources */ = {isa = PBXBuildFile; fileRef = 9DE7ED2B2A37651D00082670 /* UserTableViewCell.xib */; };
		9DE7ED2F2A37DE0900082670 /* UsersCollectionViewController.swift in Sources */ = {isa = PBXBuildFile; fileRef = 9DE7ED2E2A37DE0900082670 /* UsersCollectionViewController.swift */; };
		9DE7ED392A37E1A100082670 /* UsersCollectionViewCell.swift in Sources */ = {isa = PBXBuildFile; fileRef = 9DE7ED372A37E1A100082670 /* UsersCollectionViewCell.swift */; };
		9DE7ED3A2A37E1A100082670 /* UsersCollectionViewCell.xib in Resources */ = {isa = PBXBuildFile; fileRef = 9DE7ED382A37E1A100082670 /* UsersCollectionViewCell.xib */; };
		9DE7ED3C2A39E58B00082670 /* CombinedViewController.swift in Sources */ = {isa = PBXBuildFile; fileRef = 9DE7ED3B2A39E58B00082670 /* CombinedViewController.swift */; };
		9DE7ED3E2A3CEBE600082670 /* GridViewProtocol.swift in Sources */ = {isa = PBXBuildFile; fileRef = 9DE7ED3D2A3CEBE600082670 /* GridViewProtocol.swift */; };
		9DE7ED442A42092D00082670 /* UIImage+Extensions.swift in Sources */ = {isa = PBXBuildFile; fileRef = 9DE7ED432A42092D00082670 /* UIImage+Extensions.swift */; };
/* End PBXBuildFile section */

/* Begin PBXFileReference section */
		03F1B4CCA1DE5967D467BF55 /* Pods-UsersApp.release.xcconfig */ = {isa = PBXFileReference; includeInIndex = 1; lastKnownFileType = text.xcconfig; name = "Pods-UsersApp.release.xcconfig"; path = "Target Support Files/Pods-UsersApp/Pods-UsersApp.release.xcconfig"; sourceTree = "<group>"; };
		9DE7ED002A34EFBA00082670 /* UsersApp.app */ = {isa = PBXFileReference; explicitFileType = wrapper.application; includeInIndex = 0; path = UsersApp.app; sourceTree = BUILT_PRODUCTS_DIR; };
		9DE7ED032A34EFBA00082670 /* AppDelegate.swift */ = {isa = PBXFileReference; lastKnownFileType = sourcecode.swift; path = AppDelegate.swift; sourceTree = "<group>"; };
		9DE7ED052A34EFBA00082670 /* SceneDelegate.swift */ = {isa = PBXFileReference; lastKnownFileType = sourcecode.swift; path = SceneDelegate.swift; sourceTree = "<group>"; };
		9DE7ED072A34EFBA00082670 /* UsersTableViewController.swift */ = {isa = PBXFileReference; lastKnownFileType = sourcecode.swift; path = UsersTableViewController.swift; sourceTree = "<group>"; };
		9DE7ED0C2A34EFBC00082670 /* Assets.xcassets */ = {isa = PBXFileReference; lastKnownFileType = folder.assetcatalog; path = Assets.xcassets; sourceTree = "<group>"; };
		9DE7ED0F2A34EFBC00082670 /* Base */ = {isa = PBXFileReference; lastKnownFileType = file.storyboard; name = Base; path = Base.lproj/LaunchScreen.storyboard; sourceTree = "<group>"; };
		9DE7ED112A34EFBC00082670 /* Info.plist */ = {isa = PBXFileReference; lastKnownFileType = text.plist.xml; path = Info.plist; sourceTree = "<group>"; };
		9DE7ED1D2A35080500082670 /* UserModel.swift */ = {isa = PBXFileReference; lastKnownFileType = sourcecode.swift; path = UserModel.swift; sourceTree = "<group>"; };
		9DE7ED212A35086E00082670 /* NetworkingManager.swift */ = {isa = PBXFileReference; lastKnownFileType = sourcecode.swift; path = NetworkingManager.swift; sourceTree = "<group>"; };
		9DE7ED232A350A2B00082670 /* UserVeiwModel.swift */ = {isa = PBXFileReference; lastKnownFileType = sourcecode.swift; path = UserVeiwModel.swift; sourceTree = "<group>"; };
		9DE7ED252A3750B200082670 /* GenderModel.swift */ = {isa = PBXFileReference; lastKnownFileType = sourcecode.swift; path = GenderModel.swift; sourceTree = "<group>"; };
		9DE7ED272A375D1B00082670 /* UserUIComposer.swift */ = {isa = PBXFileReference; lastKnownFileType = sourcecode.swift; path = UserUIComposer.swift; sourceTree = "<group>"; };
		9DE7ED2A2A37651D00082670 /* UserTableViewCell.swift */ = {isa = PBXFileReference; lastKnownFileType = sourcecode.swift; path = UserTableViewCell.swift; sourceTree = "<group>"; };
		9DE7ED2B2A37651D00082670 /* UserTableViewCell.xib */ = {isa = PBXFileReference; lastKnownFileType = file.xib; path = UserTableViewCell.xib; sourceTree = "<group>"; };
		9DE7ED2E2A37DE0900082670 /* UsersCollectionViewController.swift */ = {isa = PBXFileReference; lastKnownFileType = sourcecode.swift; path = UsersCollectionViewController.swift; sourceTree = "<group>"; };
		9DE7ED372A37E1A100082670 /* UsersCollectionViewCell.swift */ = {isa = PBXFileReference; lastKnownFileType = sourcecode.swift; path = UsersCollectionViewCell.swift; sourceTree = "<group>"; };
		9DE7ED382A37E1A100082670 /* UsersCollectionViewCell.xib */ = {isa = PBXFileReference; lastKnownFileType = file.xib; path = UsersCollectionViewCell.xib; sourceTree = "<group>"; };
		9DE7ED3B2A39E58B00082670 /* CombinedViewController.swift */ = {isa = PBXFileReference; lastKnownFileType = sourcecode.swift; path = CombinedViewController.swift; sourceTree = "<group>"; };
		9DE7ED3D2A3CEBE600082670 /* GridViewProtocol.swift */ = {isa = PBXFileReference; lastKnownFileType = sourcecode.swift; path = GridViewProtocol.swift; sourceTree = "<group>"; };
		9DE7ED432A42092D00082670 /* UIImage+Extensions.swift */ = {isa = PBXFileReference; lastKnownFileType = sourcecode.swift; path = "UIImage+Extensions.swift"; sourceTree = "<group>"; };
		BC1F33EAE9AF6FFC998966E2 /* Pods_UsersApp.framework */ = {isa = PBXFileReference; explicitFileType = wrapper.framework; includeInIndex = 0; path = Pods_UsersApp.framework; sourceTree = BUILT_PRODUCTS_DIR; };
		F6325BDE5176530A37EC9AC9 /* Pods-UsersApp.debug.xcconfig */ = {isa = PBXFileReference; includeInIndex = 1; lastKnownFileType = text.xcconfig; name = "Pods-UsersApp.debug.xcconfig"; path = "Target Support Files/Pods-UsersApp/Pods-UsersApp.debug.xcconfig"; sourceTree = "<group>"; };
/* End PBXFileReference section */

/* Begin PBXFrameworksBuildPhase section */
		9DE7ECFD2A34EFBA00082670 /* Frameworks */ = {
			isa = PBXFrameworksBuildPhase;
			buildActionMask = 2147483647;
			files = (
				3C389F7D1E86C76CF371E473 /* Pods_UsersApp.framework in Frameworks */,
			);
			runOnlyForDeploymentPostprocessing = 0;
		};
/* End PBXFrameworksBuildPhase section */

/* Begin PBXGroup section */
		9DE7ECF72A34EFB900082670 = {
			isa = PBXGroup;
			children = (
				9DE7ED022A34EFBA00082670 /* UsersApp */,
				9DE7ED012A34EFBA00082670 /* Products */,
				F4991762F7A31953DAE07DB6 /* Pods */,
				CE22A596BACEB0E8B753DE3E /* Frameworks */,
			);
			sourceTree = "<group>";
		};
		9DE7ED012A34EFBA00082670 /* Products */ = {
			isa = PBXGroup;
			children = (
				9DE7ED002A34EFBA00082670 /* UsersApp.app */,
			);
			name = Products;
			sourceTree = "<group>";
		};
		9DE7ED022A34EFBA00082670 /* UsersApp */ = {
			isa = PBXGroup;
			children = (
				9DE7ED422A42091F00082670 /* Extensions */,
				9DE7ED032A34EFBA00082670 /* AppDelegate.swift */,
				9DE7ED052A34EFBA00082670 /* SceneDelegate.swift */,
				9DE7ED1A2A3506A400082670 /* Model */,
				9DE7ED192A35068800082670 /* ViewModel */,
				9DE7ED1B2A3506AD00082670 /* Views */,
				9DE7ED0C2A34EFBC00082670 /* Assets.xcassets */,
				9DE7ED0E2A34EFBC00082670 /* LaunchScreen.storyboard */,
				9DE7ED112A34EFBC00082670 /* Info.plist */,
			);
			path = UsersApp;
			sourceTree = "<group>";
		};
		9DE7ED192A35068800082670 /* ViewModel */ = {
			isa = PBXGroup;
			children = (
				9DE7ED1D2A35080500082670 /* UserModel.swift */,
				9DE7ED3D2A3CEBE600082670 /* GridViewProtocol.swift */,
				9DE7ED252A3750B200082670 /* GenderModel.swift */,
			);
			path = ViewModel;
			sourceTree = "<group>";
		};
		9DE7ED1A2A3506A400082670 /* Model */ = {
			isa = PBXGroup;
			children = (
				9DE7ED212A35086E00082670 /* NetworkingManager.swift */,
				9DE7ED232A350A2B00082670 /* UserVeiwModel.swift */,
				9DE7ED272A375D1B00082670 /* UserUIComposer.swift */,
			);
			path = Model;
			sourceTree = "<group>";
		};
		9DE7ED1B2A3506AD00082670 /* Views */ = {
			isa = PBXGroup;
			children = (
				9DE7ED3B2A39E58B00082670 /* CombinedViewController.swift */,
				9DE7ED362A37DFD700082670 /* CollectionView */,
				9DE7ED352A37DFC200082670 /* UsersTableView */,
			);
			path = Views;
			sourceTree = "<group>";
		};
		9DE7ED292A37648400082670 /* TableViewCell */ = {
			isa = PBXGroup;
			children = (
				9DE7ED2A2A37651D00082670 /* UserTableViewCell.swift */,
				9DE7ED2B2A37651D00082670 /* UserTableViewCell.xib */,
			);
			path = TableViewCell;
			sourceTree = "<group>";
		};
		9DE7ED302A37DF9B00082670 /* CollectionViewCell */ = {
			isa = PBXGroup;
			children = (
				9DE7ED372A37E1A100082670 /* UsersCollectionViewCell.swift */,
				9DE7ED382A37E1A100082670 /* UsersCollectionViewCell.xib */,
			);
			path = CollectionViewCell;
			sourceTree = "<group>";
		};
		9DE7ED352A37DFC200082670 /* UsersTableView */ = {
			isa = PBXGroup;
			children = (
				9DE7ED072A34EFBA00082670 /* UsersTableViewController.swift */,
				9DE7ED292A37648400082670 /* TableViewCell */,
			);
			path = UsersTableView;
			sourceTree = "<group>";
		};
		9DE7ED362A37DFD700082670 /* CollectionView */ = {
			isa = PBXGroup;
			children = (
				9DE7ED2E2A37DE0900082670 /* UsersCollectionViewController.swift */,
				9DE7ED302A37DF9B00082670 /* CollectionViewCell */,
			);
			path = CollectionView;
			sourceTree = "<group>";
		};
		9DE7ED422A42091F00082670 /* Extensions */ = {
			isa = PBXGroup;
			children = (
				9DE7ED432A42092D00082670 /* UIImage+Extensions.swift */,
			);
			path = Extensions;
			sourceTree = "<group>";
		};
		CE22A596BACEB0E8B753DE3E /* Frameworks */ = {
			isa = PBXGroup;
			children = (
				BC1F33EAE9AF6FFC998966E2 /* Pods_UsersApp.framework */,
			);
			name = Frameworks;
			sourceTree = "<group>";
		};
		F4991762F7A31953DAE07DB6 /* Pods */ = {
			isa = PBXGroup;
			children = (
				F6325BDE5176530A37EC9AC9 /* Pods-UsersApp.debug.xcconfig */,
				03F1B4CCA1DE5967D467BF55 /* Pods-UsersApp.release.xcconfig */,
			);
			path = Pods;
			sourceTree = "<group>";
		};
/* End PBXGroup section */

/* Begin PBXNativeTarget section */
		9DE7ECFF2A34EFBA00082670 /* UsersApp */ = {
			isa = PBXNativeTarget;
			buildConfigurationList = 9DE7ED142A34EFBC00082670 /* Build configuration list for PBXNativeTarget "UsersApp" */;
			buildPhases = (
				E23F0DC26B4EA2C39A3CB3F6 /* [CP] Check Pods Manifest.lock */,
				9DE7ED172A34F44500082670 /* R.Swift */,
				9DE7ED182A34F47900082670 /* SwiftLint */,
				9DE7ECFC2A34EFBA00082670 /* Sources */,
				9DE7ECFD2A34EFBA00082670 /* Frameworks */,
				9DE7ECFE2A34EFBA00082670 /* Resources */,
				80B07C098C64381AAF2F53A7 /* [CP] Embed Pods Frameworks */,
			);
			buildRules = (
			);
			dependencies = (
			);
			name = UsersApp;
			productName = UsersApp;
			productReference = 9DE7ED002A34EFBA00082670 /* UsersApp.app */;
			productType = "com.apple.product-type.application";
		};
/* End PBXNativeTarget section */

/* Begin PBXProject section */
		9DE7ECF82A34EFB900082670 /* Project object */ = {
			isa = PBXProject;
			attributes = {
				BuildIndependentTargetsInParallel = 1;
				LastSwiftUpdateCheck = 1430;
				LastUpgradeCheck = 1430;
				TargetAttributes = {
					9DE7ECFF2A34EFBA00082670 = {
						CreatedOnToolsVersion = 14.3.1;
					};
				};
			};
			buildConfigurationList = 9DE7ECFB2A34EFBA00082670 /* Build configuration list for PBXProject "UsersApp" */;
			compatibilityVersion = "Xcode 14.0";
			developmentRegion = en;
			hasScannedForEncodings = 0;
			knownRegions = (
				en,
				Base,
			);
			mainGroup = 9DE7ECF72A34EFB900082670;
			productRefGroup = 9DE7ED012A34EFBA00082670 /* Products */;
			projectDirPath = "";
			projectRoot = "";
			targets = (
				9DE7ECFF2A34EFBA00082670 /* UsersApp */,
			);
		};
/* End PBXProject section */

/* Begin PBXResourcesBuildPhase section */
		9DE7ECFE2A34EFBA00082670 /* Resources */ = {
			isa = PBXResourcesBuildPhase;
			buildActionMask = 2147483647;
			files = (
				9DE7ED102A34EFBC00082670 /* LaunchScreen.storyboard in Resources */,
				9DE7ED3A2A37E1A100082670 /* UsersCollectionViewCell.xib in Resources */,
				9DE7ED2D2A37651D00082670 /* UserTableViewCell.xib in Resources */,
				9DE7ED0D2A34EFBC00082670 /* Assets.xcassets in Resources */,
			);
			runOnlyForDeploymentPostprocessing = 0;
		};
/* End PBXResourcesBuildPhase section */

/* Begin PBXShellScriptBuildPhase section */
		80B07C098C64381AAF2F53A7 /* [CP] Embed Pods Frameworks */ = {
			isa = PBXShellScriptBuildPhase;
			buildActionMask = 2147483647;
			files = (
			);
			inputFileListPaths = (
				"${PODS_ROOT}/Target Support Files/Pods-UsersApp/Pods-UsersApp-frameworks-${CONFIGURATION}-input-files.xcfilelist",
			);
			name = "[CP] Embed Pods Frameworks";
			outputFileListPaths = (
				"${PODS_ROOT}/Target Support Files/Pods-UsersApp/Pods-UsersApp-frameworks-${CONFIGURATION}-output-files.xcfilelist",
			);
			runOnlyForDeploymentPostprocessing = 0;
			shellPath = /bin/sh;
			shellScript = "\"${PODS_ROOT}/Target Support Files/Pods-UsersApp/Pods-UsersApp-frameworks.sh\"\n";
			showEnvVarsInLog = 0;
		};
		9DE7ED172A34F44500082670 /* R.Swift */ = {
			isa = PBXShellScriptBuildPhase;
			alwaysOutOfDate = 1;
			buildActionMask = 2147483647;
			files = (
			);
			inputFileListPaths = (
			);
			inputPaths = (
			);
			name = R.Swift;
			outputFileListPaths = (
			);
			outputPaths = (
				$SRCROOT/R.generated.swift,
			);
			runOnlyForDeploymentPostprocessing = 0;
			shellPath = /bin/sh;
			shellScript = "\"$PODS_ROOT/R.swift/rswift\" generate \"$SRCROOT/R.generated.swift\"\n";
		};
		9DE7ED182A34F47900082670 /* SwiftLint */ = {
			isa = PBXShellScriptBuildPhase;
			alwaysOutOfDate = 1;
			buildActionMask = 2147483647;
			files = (
			);
			inputFileListPaths = (
			);
			inputPaths = (
			);
			name = SwiftLint;
			outputFileListPaths = (
			);
			outputPaths = (
			);
			runOnlyForDeploymentPostprocessing = 0;
			shellPath = /bin/sh;
			shellScript = "${PODS_ROOT}/SwiftLint/swiftlint\n";
		};
		E23F0DC26B4EA2C39A3CB3F6 /* [CP] Check Pods Manifest.lock */ = {
			isa = PBXShellScriptBuildPhase;
			buildActionMask = 2147483647;
			files = (
			);
			inputFileListPaths = (
			);
			inputPaths = (
				"${PODS_PODFILE_DIR_PATH}/Podfile.lock",
				"${PODS_ROOT}/Manifest.lock",
			);
			name = "[CP] Check Pods Manifest.lock";
			outputFileListPaths = (
			);
			outputPaths = (
				"$(DERIVED_FILE_DIR)/Pods-UsersApp-checkManifestLockResult.txt",
			);
			runOnlyForDeploymentPostprocessing = 0;
			shellPath = /bin/sh;
			shellScript = "diff \"${PODS_PODFILE_DIR_PATH}/Podfile.lock\" \"${PODS_ROOT}/Manifest.lock\" > /dev/null\nif [ $? != 0 ] ; then\n    # print error to STDERR\n    echo \"error: The sandbox is not in sync with the Podfile.lock. Run 'pod install' or update your CocoaPods installation.\" >&2\n    exit 1\nfi\n# This output is used by Xcode 'outputs' to avoid re-running this script phase.\necho \"SUCCESS\" > \"${SCRIPT_OUTPUT_FILE_0}\"\n";
			showEnvVarsInLog = 0;
		};
/* End PBXShellScriptBuildPhase section */

/* Begin PBXSourcesBuildPhase section */
		9DE7ECFC2A34EFBA00082670 /* Sources */ = {
			isa = PBXSourcesBuildPhase;
			buildActionMask = 2147483647;
			files = (
				9DE7ED082A34EFBA00082670 /* UsersTableViewController.swift in Sources */,
				9DE7ED2C2A37651D00082670 /* UserTableViewCell.swift in Sources */,
				9DE7ED042A34EFBA00082670 /* AppDelegate.swift in Sources */,
				9DE7ED442A42092D00082670 /* UIImage+Extensions.swift in Sources */,
				9DE7ED1E2A35080500082670 /* UserModel.swift in Sources */,
				9DE7ED222A35086E00082670 /* NetworkingManager.swift in Sources */,
				9DE7ED282A375D1B00082670 /* UserUIComposer.swift in Sources */,
				9DE7ED062A34EFBA00082670 /* SceneDelegate.swift in Sources */,
				9DE7ED2F2A37DE0900082670 /* UsersCollectionViewController.swift in Sources */,
				9DE7ED3E2A3CEBE600082670 /* GridViewProtocol.swift in Sources */,
				9DE7ED242A350A2B00082670 /* UserVeiwModel.swift in Sources */,
				9DE7ED392A37E1A100082670 /* UsersCollectionViewCell.swift in Sources */,
				9DE7ED262A3750B200082670 /* GenderModel.swift in Sources */,
				9DE7ED3C2A39E58B00082670 /* CombinedViewController.swift in Sources */,
			);
			runOnlyForDeploymentPostprocessing = 0;
		};
/* End PBXSourcesBuildPhase section */

/* Begin PBXVariantGroup section */
		9DE7ED0E2A34EFBC00082670 /* LaunchScreen.storyboard */ = {
			isa = PBXVariantGroup;
			children = (
				9DE7ED0F2A34EFBC00082670 /* Base */,
			);
			name = LaunchScreen.storyboard;
			sourceTree = "<group>";
		};
/* End PBXVariantGroup section */

/* Begin XCBuildConfiguration section */
		9DE7ED122A34EFBC00082670 /* Debug */ = {
			isa = XCBuildConfiguration;
			buildSettings = {
				ALWAYS_SEARCH_USER_PATHS = NO;
				CLANG_ANALYZER_NONNULL = YES;
				CLANG_ANALYZER_NUMBER_OBJECT_CONVERSION = YES_AGGRESSIVE;
				CLANG_CXX_LANGUAGE_STANDARD = "gnu++20";
				CLANG_ENABLE_MODULES = YES;
				CLANG_ENABLE_OBJC_ARC = YES;
				CLANG_ENABLE_OBJC_WEAK = YES;
				CLANG_WARN_BLOCK_CAPTURE_AUTORELEASING = YES;
				CLANG_WARN_BOOL_CONVERSION = YES;
				CLANG_WARN_COMMA = YES;
				CLANG_WARN_CONSTANT_CONVERSION = YES;
				CLANG_WARN_DEPRECATED_OBJC_IMPLEMENTATIONS = YES;
				CLANG_WARN_DIRECT_OBJC_ISA_USAGE = YES_ERROR;
				CLANG_WARN_DOCUMENTATION_COMMENTS = YES;
				CLANG_WARN_EMPTY_BODY = YES;
				CLANG_WARN_ENUM_CONVERSION = YES;
				CLANG_WARN_INFINITE_RECURSION = YES;
				CLANG_WARN_INT_CONVERSION = YES;
				CLANG_WARN_NON_LITERAL_NULL_CONVERSION = YES;
				CLANG_WARN_OBJC_IMPLICIT_RETAIN_SELF = YES;
				CLANG_WARN_OBJC_LITERAL_CONVERSION = YES;
				CLANG_WARN_OBJC_ROOT_CLASS = YES_ERROR;
				CLANG_WARN_QUOTED_INCLUDE_IN_FRAMEWORK_HEADER = YES;
				CLANG_WARN_RANGE_LOOP_ANALYSIS = YES;
				CLANG_WARN_STRICT_PROTOTYPES = YES;
				CLANG_WARN_SUSPICIOUS_MOVE = YES;
				CLANG_WARN_UNGUARDED_AVAILABILITY = YES_AGGRESSIVE;
				CLANG_WARN_UNREACHABLE_CODE = YES;
				CLANG_WARN__DUPLICATE_METHOD_MATCH = YES;
				COPY_PHASE_STRIP = NO;
				DEBUG_INFORMATION_FORMAT = dwarf;
				ENABLE_STRICT_OBJC_MSGSEND = YES;
				ENABLE_TESTABILITY = YES;
				GCC_C_LANGUAGE_STANDARD = gnu11;
				GCC_DYNAMIC_NO_PIC = NO;
				GCC_NO_COMMON_BLOCKS = YES;
				GCC_OPTIMIZATION_LEVEL = 0;
				GCC_PREPROCESSOR_DEFINITIONS = (
					"DEBUG=1",
					"$(inherited)",
				);
				GCC_WARN_64_TO_32_BIT_CONVERSION = YES;
				GCC_WARN_ABOUT_RETURN_TYPE = YES_ERROR;
				GCC_WARN_UNDECLARED_SELECTOR = YES;
				GCC_WARN_UNINITIALIZED_AUTOS = YES_AGGRESSIVE;
				GCC_WARN_UNUSED_FUNCTION = YES;
				GCC_WARN_UNUSED_VARIABLE = YES;
				IPHONEOS_DEPLOYMENT_TARGET = 16.4;
				MTL_ENABLE_DEBUG_INFO = INCLUDE_SOURCE;
				MTL_FAST_MATH = YES;
				ONLY_ACTIVE_ARCH = YES;
				SDKROOT = iphoneos;
				SWIFT_ACTIVE_COMPILATION_CONDITIONS = DEBUG;
				SWIFT_OPTIMIZATION_LEVEL = "-Onone";
			};
			name = Debug;
		};
		9DE7ED132A34EFBC00082670 /* Release */ = {
			isa = XCBuildConfiguration;
			buildSettings = {
				ALWAYS_SEARCH_USER_PATHS = NO;
				CLANG_ANALYZER_NONNULL = YES;
				CLANG_ANALYZER_NUMBER_OBJECT_CONVERSION = YES_AGGRESSIVE;
				CLANG_CXX_LANGUAGE_STANDARD = "gnu++20";
				CLANG_ENABLE_MODULES = YES;
				CLANG_ENABLE_OBJC_ARC = YES;
				CLANG_ENABLE_OBJC_WEAK = YES;
				CLANG_WARN_BLOCK_CAPTURE_AUTORELEASING = YES;
				CLANG_WARN_BOOL_CONVERSION = YES;
				CLANG_WARN_COMMA = YES;
				CLANG_WARN_CONSTANT_CONVERSION = YES;
				CLANG_WARN_DEPRECATED_OBJC_IMPLEMENTATIONS = YES;
				CLANG_WARN_DIRECT_OBJC_ISA_USAGE = YES_ERROR;
				CLANG_WARN_DOCUMENTATION_COMMENTS = YES;
				CLANG_WARN_EMPTY_BODY = YES;
				CLANG_WARN_ENUM_CONVERSION = YES;
				CLANG_WARN_INFINITE_RECURSION = YES;
				CLANG_WARN_INT_CONVERSION = YES;
				CLANG_WARN_NON_LITERAL_NULL_CONVERSION = YES;
				CLANG_WARN_OBJC_IMPLICIT_RETAIN_SELF = YES;
				CLANG_WARN_OBJC_LITERAL_CONVERSION = YES;
				CLANG_WARN_OBJC_ROOT_CLASS = YES_ERROR;
				CLANG_WARN_QUOTED_INCLUDE_IN_FRAMEWORK_HEADER = YES;
				CLANG_WARN_RANGE_LOOP_ANALYSIS = YES;
				CLANG_WARN_STRICT_PROTOTYPES = YES;
				CLANG_WARN_SUSPICIOUS_MOVE = YES;
				CLANG_WARN_UNGUARDED_AVAILABILITY = YES_AGGRESSIVE;
				CLANG_WARN_UNREACHABLE_CODE = YES;
				CLANG_WARN__DUPLICATE_METHOD_MATCH = YES;
				COPY_PHASE_STRIP = NO;
				DEBUG_INFORMATION_FORMAT = "dwarf-with-dsym";
				ENABLE_NS_ASSERTIONS = NO;
				ENABLE_STRICT_OBJC_MSGSEND = YES;
				GCC_C_LANGUAGE_STANDARD = gnu11;
				GCC_NO_COMMON_BLOCKS = YES;
				GCC_WARN_64_TO_32_BIT_CONVERSION = YES;
				GCC_WARN_ABOUT_RETURN_TYPE = YES_ERROR;
				GCC_WARN_UNDECLARED_SELECTOR = YES;
				GCC_WARN_UNINITIALIZED_AUTOS = YES_AGGRESSIVE;
				GCC_WARN_UNUSED_FUNCTION = YES;
				GCC_WARN_UNUSED_VARIABLE = YES;
				IPHONEOS_DEPLOYMENT_TARGET = 16.4;
				MTL_ENABLE_DEBUG_INFO = NO;
				MTL_FAST_MATH = YES;
				SDKROOT = iphoneos;
				SWIFT_COMPILATION_MODE = wholemodule;
				SWIFT_OPTIMIZATION_LEVEL = "-O";
				VALIDATE_PRODUCT = YES;
			};
			name = Release;
		};
		9DE7ED152A34EFBC00082670 /* Debug */ = {
			isa = XCBuildConfiguration;
			baseConfigurationReference = F6325BDE5176530A37EC9AC9 /* Pods-UsersApp.debug.xcconfig */;
			buildSettings = {
				ASSETCATALOG_COMPILER_APPICON_NAME = AppIcon;
				ASSETCATALOG_COMPILER_GLOBAL_ACCENT_COLOR_NAME = AccentColor;
				CODE_SIGN_STYLE = Automatic;
				CURRENT_PROJECT_VERSION = 1;
				DEVELOPMENT_TEAM = PW6M6C34BW;
				GENERATE_INFOPLIST_FILE = YES;
				INFOPLIST_FILE = UsersApp/Info.plist;
				INFOPLIST_KEY_UIApplicationSupportsIndirectInputEvents = YES;
				INFOPLIST_KEY_UILaunchStoryboardName = LaunchScreen;
				INFOPLIST_KEY_UISupportedInterfaceOrientations = UIInterfaceOrientationPortrait;
				INFOPLIST_KEY_UISupportedInterfaceOrientations_iPad = "UIInterfaceOrientationLandscapeLeft UIInterfaceOrientationLandscapeRight UIInterfaceOrientationPortrait UIInterfaceOrientationPortraitUpsideDown";
				IPHONEOS_DEPLOYMENT_TARGET = 14.0;
				LD_RUNPATH_SEARCH_PATHS = (
					"$(inherited)",
					"@executable_path/Frameworks",
				);
				MARKETING_VERSION = 1.0;
				PRODUCT_BUNDLE_IDENTIFIER = sad.UsersApp;
				PRODUCT_NAME = "$(TARGET_NAME)";
				SWIFT_EMIT_LOC_STRINGS = YES;
				SWIFT_VERSION = 5.0;
				TARGETED_DEVICE_FAMILY = "1,2";
			};
			name = Debug;
		};
		9DE7ED162A34EFBC00082670 /* Release */ = {
			isa = XCBuildConfiguration;
			baseConfigurationReference = 03F1B4CCA1DE5967D467BF55 /* Pods-UsersApp.release.xcconfig */;
			buildSettings = {
				ASSETCATALOG_COMPILER_APPICON_NAME = AppIcon;
				ASSETCATALOG_COMPILER_GLOBAL_ACCENT_COLOR_NAME = AccentColor;
				CODE_SIGN_STYLE = Automatic;
				CURRENT_PROJECT_VERSION = 1;
				DEVELOPMENT_TEAM = PW6M6C34BW;
				GENERATE_INFOPLIST_FILE = YES;
				INFOPLIST_FILE = UsersApp/Info.plist;
				INFOPLIST_KEY_UIApplicationSupportsIndirectInputEvents = YES;
				INFOPLIST_KEY_UILaunchStoryboardName = LaunchScreen;
				INFOPLIST_KEY_UISupportedInterfaceOrientations = UIInterfaceOrientationPortrait;
				INFOPLIST_KEY_UISupportedInterfaceOrientations_iPad = "UIInterfaceOrientationLandscapeLeft UIInterfaceOrientationLandscapeRight UIInterfaceOrientationPortrait UIInterfaceOrientationPortraitUpsideDown";
				IPHONEOS_DEPLOYMENT_TARGET = 14.0;
				LD_RUNPATH_SEARCH_PATHS = (
					"$(inherited)",
					"@executable_path/Frameworks",
				);
				MARKETING_VERSION = 1.0;
				PRODUCT_BUNDLE_IDENTIFIER = sad.UsersApp;
				PRODUCT_NAME = "$(TARGET_NAME)";
				SWIFT_EMIT_LOC_STRINGS = YES;
				SWIFT_VERSION = 5.0;
				TARGETED_DEVICE_FAMILY = "1,2";
			};
			name = Release;
		};
/* End XCBuildConfiguration section */

/* Begin XCConfigurationList section */
		9DE7ECFB2A34EFBA00082670 /* Build configuration list for PBXProject "UsersApp" */ = {
			isa = XCConfigurationList;
			buildConfigurations = (
				9DE7ED122A34EFBC00082670 /* Debug */,
				9DE7ED132A34EFBC00082670 /* Release */,
			);
			defaultConfigurationIsVisible = 0;
			defaultConfigurationName = Release;
		};
		9DE7ED142A34EFBC00082670 /* Build configuration list for PBXNativeTarget "UsersApp" */ = {
			isa = XCConfigurationList;
			buildConfigurations = (
				9DE7ED152A34EFBC00082670 /* Debug */,
				9DE7ED162A34EFBC00082670 /* Release */,
			);
			defaultConfigurationIsVisible = 0;
			defaultConfigurationName = Release;
		};
/* End XCConfigurationList section */
	};
	rootObject = 9DE7ECF82A34EFB900082670 /* Project object */;
}
